{
  "name": "poolbot",
  "version": "1.0.0",
  "lockfileVersion": 1,
  "requires": true,
  "dependencies": {
    "@types/lodash": {
      "version": "4.14.108",
      "resolved": "https://mmrepo.jfrog.io/mmrepo/api/npm/npm-virtual/@types/lodash/-/lodash-4.14.108.tgz?dl=https://registry.npmjs.org/@types/lodash/-/lodash-4.14.108.tgz",
      "integrity": "sha1-AmVq863S5bMXT4MIYsR0IcAO+Bc=",
      "dev": true
    },
    "@types/node": {
      "version": "10.0.3",
      "resolved": "https://mmrepo.jfrog.io/mmrepo/api/npm/npm-virtual/@types/node/-/node-10.0.3.tgz?dl=https://registry.npmjs.org/@types/node/-/node-10.0.3.tgz",
      "integrity": "sha1-H4mEDHqsJAbMQ6LsrZj8AqjhMOQ=",
      "dev": true
    },
    "@types/uuid": {
      "version": "3.4.3",
      "resolved": "https://mmrepo.jfrog.io/mmrepo/api/npm/npm-virtual/@types/uuid/-/uuid-3.4.3.tgz?dl=https://registry.npmjs.org/@types/uuid/-/uuid-3.4.3.tgz",
      "integrity": "sha1-EhrOJl9Vac5A9PbQ/3ijOMcyp1Q=",
      "dev": true,
      "requires": {
        "@types/node": "10.0.3"
      }
    },
    "lodash": {
      "version": "4.17.10",
      "resolved": "https://mmrepo.jfrog.io/mmrepo/api/npm/npm-virtual/lodash/-/lodash-4.17.10.tgz?dl=https://registry.npmjs.org/lodash/-/lodash-4.17.10.tgz",
      "integrity": "sha1-G3eTz3JZ6jj7NmHU04syYK+K5Oc="
    },
    "typescript": {
      "version": "2.8.3",
      "resolved": "https://mmrepo.jfrog.io/mmrepo/api/npm/npm-virtual/typescript/-/typescript-2.8.3.tgz?dl=https://registry.npmjs.org/typescript/-/typescript-2.8.3.tgz",
      "integrity": "sha1-XYF/m28xu4cYNfTt8AifIavmwXA=",
      "dev": true
    },
    "uuid": {
      "version": "3.2.1",
      "resolved": "https://mmrepo.jfrog.io/mmrepo/api/npm/npm-virtual/uuid/-/uuid-3.2.1.tgz?dl=https://registry.npmjs.org/uuid/-/uuid-3.2.1.tgz",
      "integrity": "sha1-EsUou51Y0LkmXZovbw/ovhf/HxQ="
    }
  }
}
