{
  "name": "poolbot",
  "version": "1.0.0",
  "lockfileVersion": 1,
  "requires": true,
  "dependencies": {
    "typescript": {
      "version": "2.8.3",
      "resolved": "https://mmrepo.jfrog.io/mmrepo/api/npm/npm-virtual/typescript/-/typescript-2.8.3.tgz?dl=https://registry.npmjs.org/typescript/-/typescript-2.8.3.tgz",
      "integrity": "sha1-XYF/m28xu4cYNfTt8AifIavmwXA=",
      "dev": true
    }
  }
}
